
Microsoft Visual Studio Solution File, Format Version 12.00
# Visual Studio Version 16
VisualStudioVersion = 16.0.30011.22
MinimumVisualStudioVersion = 10.0.40219.1
Project("{FAE04EC0-301F-11D3-BF4B-00C04F79EFBC}") = "TestWebApp", "TestWebApp.csproj", "{AA1743F4-4285-4D95-A113-F39A951EC10E}"
EndProject
Global
	GlobalSection(SolutionConfigurationPlatforms) = preSolution
		Debug|Any CPU = Debug|Any CPU
		Release|Any CPU = Release|Any CPU
	EndGlobalSection
	GlobalSection(ProjectConfigurationPlatforms) = postSolution
		{AA1743F4-4285-4D95-A113-F39A951EC10E}.Debug|Any CPU.ActiveCfg = Debug|Any CPU
		{AA1743F4-4285-4D95-A113-F39A951EC10E}.Debug|Any CPU.Build.0 = Debug|Any CPU
		{AA1743F4-4285-4D95-A113-F39A951EC10E}.Release|Any CPU.ActiveCfg = Release|Any CPU
		{AA1743F4-4285-4D95-A113-F39A951EC10E}.Release|Any CPU.Build.0 = Release|Any CPU
	EndGlobalSection
	GlobalSection(SolutionProperties) = preSolution
		HideSolutionNode = FALSE
	EndGlobalSection
	GlobalSection(ExtensibilityGlobals) = postSolution
		SolutionGuid = {DF03FA00-E662-4C8F-B572-DD3665E68429}
	EndGlobalSection
EndGlobal
